
Microsoft Visual Studio Solution File, Format Version 12.00
# Visual Studio Version 17
VisualStudioVersion = 17.9.34728.123
MinimumVisualStudioVersion = 10.0.40219.1
Project("{9A19103F-16F7-4668-BE54-9A1E7A4F7556}") = "ServerAPICanteen", "ServerAPICanteen\ServerAPICanteen.csproj", "{B06750A7-2B20-4E27-B2FD-B0F03CD7773B}"
EndProject
Global
	GlobalSection(SolutionConfigurationPlatforms) = preSolution
		Debug|Any CPU = Debug|Any CPU
		Release|Any CPU = Release|Any CPU
	EndGlobalSection
	GlobalSection(ProjectConfigurationPlatforms) = postSolution
		{B06750A7-2B20-4E27-B2FD-B0F03CD7773B}.Debug|Any CPU.ActiveCfg = Debug|Any CPU
		{B06750A7-2B20-4E27-B2FD-B0F03CD7773B}.Debug|Any CPU.Build.0 = Debug|Any CPU
		{B06750A7-2B20-4E27-B2FD-B0F03CD7773B}.Release|Any CPU.ActiveCfg = Release|Any CPU
		{B06750A7-2B20-4E27-B2FD-B0F03CD7773B}.Release|Any CPU.Build.0 = Release|Any CPU
	EndGlobalSection
	GlobalSection(SolutionProperties) = preSolution
		HideSolutionNode = FALSE
	EndGlobalSection
	GlobalSection(ExtensibilityGlobals) = postSolution
		SolutionGuid = {0C6BC6DF-E50F-4CB0-8959-F9852CA6C45E}
	EndGlobalSection
EndGlobal
